// !$*UTF8*$!
{
	archiveVersion = 1;
	classes = {
	};
	objectVersion = 46;
	objects = {

/* Begin PBXBuildFile section */
		945D96941D92FB3500769B33 /* AppDelegate.swift in Sources */ = {isa = PBXBuildFile; fileRef = 945D96931D92FB3500769B33 /* AppDelegate.swift */; };
		945D96961D92FB3500769B33 /* ViewController.swift in Sources */ = {isa = PBXBuildFile; fileRef = 945D96951D92FB3500769B33 /* ViewController.swift */; };
		945D96991D92FB3500769B33 /* Main.storyboard in Resources */ = {isa = PBXBuildFile; fileRef = 945D96971D92FB3500769B33 /* Main.storyboard */; };
		945D969B1D92FB3500769B33 /* Assets.xcassets in Resources */ = {isa = PBXBuildFile; fileRef = 945D969A1D92FB3500769B33 /* Assets.xcassets */; };
		945D969E1D92FB3500769B33 /* LaunchScreen.storyboard in Resources */ = {isa = PBXBuildFile; fileRef = 945D969C1D92FB3500769B33 /* LaunchScreen.storyboard */; };
		945D96A91D92FB3500769B33 /* travelTests.swift in Sources */ = {isa = PBXBuildFile; fileRef = 945D96A81D92FB3500769B33 /* travelTests.swift */; };
		945D96B41D92FB3500769B33 /* travelUITests.swift in Sources */ = {isa = PBXBuildFile; fileRef = 945D96B31D92FB3500769B33 /* travelUITests.swift */; };
/* End PBXBuildFile section */

/* Begin PBXContainerItemProxy section */
		945D96A51D92FB3500769B33 /* PBXContainerItemProxy */ = {
			isa = PBXContainerItemProxy;
			containerPortal = 945D96881D92FB3500769B33 /* Project object */;
			proxyType = 1;
			remoteGlobalIDString = 945D968F1D92FB3500769B33;
			remoteInfo = travel;
		};
		945D96B01D92FB3500769B33 /* PBXContainerItemProxy */ = {
			isa = PBXContainerItemProxy;
			containerPortal = 945D96881D92FB3500769B33 /* Project object */;
			proxyType = 1;
			remoteGlobalIDString = 945D968F1D92FB3500769B33;
			remoteInfo = travel;
		};
/* End PBXContainerItemProxy section */

/* Begin PBXFileReference section */
		945D96901D92FB3500769B33 /* travel.app */ = {isa = PBXFileReference; explicitFileType = wrapper.application; includeInIndex = 0; path = travel.app; sourceTree = BUILT_PRODUCTS_DIR; };
		945D96931D92FB3500769B33 /* AppDelegate.swift */ = {isa = PBXFileReference; lastKnownFileType = sourcecode.swift; path = AppDelegate.swift; sourceTree = "<group>"; };
		945D96951D92FB3500769B33 /* ViewController.swift */ = {isa = PBXFileReference; lastKnownFileType = sourcecode.swift; path = ViewController.swift; sourceTree = "<group>"; };
		945D96981D92FB3500769B33 /* Base */ = {isa = PBXFileReference; lastKnownFileType = file.storyboard; name = Base; path = Base.lproj/Main.storyboard; sourceTree = "<group>"; };
		945D969A1D92FB3500769B33 /* Assets.xcassets */ = {isa = PBXFileReference; lastKnownFileType = folder.assetcatalog; path = Assets.xcassets; sourceTree = "<group>"; };
		945D969D1D92FB3500769B33 /* Base */ = {isa = PBXFileReference; lastKnownFileType = file.storyboard; name = Base; path = Base.lproj/LaunchScreen.storyboard; sourceTree = "<group>"; };
		945D969F1D92FB3500769B33 /* Info.plist */ = {isa = PBXFileReference; lastKnownFileType = text.plist.xml; path = Info.plist; sourceTree = "<group>"; };
		945D96A41D92FB3500769B33 /* travelTests.xctest */ = {isa = PBXFileReference; explicitFileType = wrapper.cfbundle; includeInIndex = 0; path = travelTests.xctest; sourceTree = BUILT_PRODUCTS_DIR; };
		945D96A81D92FB3500769B33 /* travelTests.swift */ = {isa = PBXFileReference; lastKnownFileType = sourcecode.swift; path = travelTests.swift; sourceTree = "<group>"; };
		945D96AA1D92FB3500769B33 /* Info.plist */ = {isa = PBXFileReference; lastKnownFileType = text.plist.xml; path = Info.plist; sourceTree = "<group>"; };
		945D96AF1D92FB3500769B33 /* travelUITests.xctest */ = {isa = PBXFileReference; explicitFileType = wrapper.cfbundle; includeInIndex = 0; path = travelUITests.xctest; sourceTree = BUILT_PRODUCTS_DIR; };
		945D96B31D92FB3500769B33 /* travelUITests.swift */ = {isa = PBXFileReference; lastKnownFileType = sourcecode.swift; path = travelUITests.swift; sourceTree = "<group>"; };
		945D96B51D92FB3500769B33 /* Info.plist */ = {isa = PBXFileReference; lastKnownFileType = text.plist.xml; path = Info.plist; sourceTree = "<group>"; };
/* End PBXFileReference section */

/* Begin PBXFrameworksBuildPhase section */
		945D968D1D92FB3500769B33 /* Frameworks */ = {
			isa = PBXFrameworksBuildPhase;
			buildActionMask = 2147483647;
			files = (
			);
			runOnlyForDeploymentPostprocessing = 0;
		};
		945D96A11D92FB3500769B33 /* Frameworks */ = {
			isa = PBXFrameworksBuildPhase;
			buildActionMask = 2147483647;
			files = (
			);
			runOnlyForDeploymentPostprocessing = 0;
		};
		945D96AC1D92FB3500769B33 /* Frameworks */ = {
			isa = PBXFrameworksBuildPhase;
			buildActionMask = 2147483647;
			files = (
			);
			runOnlyForDeploymentPostprocessing = 0;
		};
/* End PBXFrameworksBuildPhase section */

/* Begin PBXGroup section */
		945D96871D92FB3500769B33 = {
			isa = PBXGroup;
			children = (
				945D96921D92FB3500769B33 /* travel */,
				945D96A71D92FB3500769B33 /* travelTests */,
				945D96B21D92FB3500769B33 /* travelUITests */,
				945D96911D92FB3500769B33 /* Products */,
			);
			sourceTree = "<group>";
		};
		945D96911D92FB3500769B33 /* Products */ = {
			isa = PBXGroup;
			children = (
				945D96901D92FB3500769B33 /* travel.app */,
				945D96A41D92FB3500769B33 /* travelTests.xctest */,
				945D96AF1D92FB3500769B33 /* travelUITests.xctest */,
			);
			name = Products;
			sourceTree = "<group>";
		};
		945D96921D92FB3500769B33 /* travel */ = {
			isa = PBXGroup;
			children = (
				945D96931D92FB3500769B33 /* AppDelegate.swift */,
				945D96951D92FB3500769B33 /* ViewController.swift */,
				945D96971D92FB3500769B33 /* Main.storyboard */,
				945D969A1D92FB3500769B33 /* Assets.xcassets */,
				945D969C1D92FB3500769B33 /* LaunchScreen.storyboard */,
				945D969F1D92FB3500769B33 /* Info.plist */,
			);
			path = travel;
			sourceTree = "<group>";
		};
		945D96A71D92FB3500769B33 /* travelTests */ = {
			isa = PBXGroup;
			children = (
				945D96A81D92FB3500769B33 /* travelTests.swift */,
				945D96AA1D92FB3500769B33 /* Info.plist */,
			);
			path = travelTests;
			sourceTree = "<group>";
		};
		945D96B21D92FB3500769B33 /* travelUITests */ = {
			isa = PBXGroup;
			children = (
				945D96B31D92FB3500769B33 /* travelUITests.swift */,
				945D96B51D92FB3500769B33 /* Info.plist */,
			);
			path = travelUITests;
			sourceTree = "<group>";
		};
/* End PBXGroup section */

/* Begin PBXNativeTarget section */
		945D968F1D92FB3500769B33 /* travel */ = {
			isa = PBXNativeTarget;
			buildConfigurationList = 945D96B81D92FB3500769B33 /* Build configuration list for PBXNativeTarget "travel" */;
			buildPhases = (
				945D968C1D92FB3500769B33 /* Sources */,
				945D968D1D92FB3500769B33 /* Frameworks */,
				945D968E1D92FB3500769B33 /* Resources */,
			);
			buildRules = (
			);
			dependencies = (
			);
			name = travel;
			productName = travel;
			productReference = 945D96901D92FB3500769B33 /* travel.app */;
			productType = "com.apple.product-type.application";
		};
		945D96A31D92FB3500769B33 /* travelTests */ = {
			isa = PBXNativeTarget;
			buildConfigurationList = 945D96BB1D92FB3500769B33 /* Build configuration list for PBXNativeTarget "travelTests" */;
			buildPhases = (
				945D96A01D92FB3500769B33 /* Sources */,
				945D96A11D92FB3500769B33 /* Frameworks */,
				945D96A21D92FB3500769B33 /* Resources */,
			);
			buildRules = (
			);
			dependencies = (
				945D96A61D92FB3500769B33 /* PBXTargetDependency */,
			);
			name = travelTests;
			productName = travelTests;
			productReference = 945D96A41D92FB3500769B33 /* travelTests.xctest */;
			productType = "com.apple.product-type.bundle.unit-test";
		};
		945D96AE1D92FB3500769B33 /* travelUITests */ = {
			isa = PBXNativeTarget;
			buildConfigurationList = 945D96BE1D92FB3500769B33 /* Build configuration list for PBXNativeTarget "travelUITests" */;
			buildPhases = (
				945D96AB1D92FB3500769B33 /* Sources */,
				945D96AC1D92FB3500769B33 /* Frameworks */,
				945D96AD1D92FB3500769B33 /* Resources */,
			);
			buildRules = (
			);
			dependencies = (
				945D96B11D92FB3500769B33 /* PBXTargetDependency */,
			);
			name = travelUITests;
			productName = travelUITests;
			productReference = 945D96AF1D92FB3500769B33 /* travelUITests.xctest */;
			productType = "com.apple.product-type.bundle.ui-testing";
		};
/* End PBXNativeTarget section */

/* Begin PBXProject section */
		945D96881D92FB3500769B33 /* Project object */ = {
			isa = PBXProject;
			attributes = {
				LastSwiftUpdateCheck = 0730;
				LastUpgradeCheck = 0730;
				ORGANIZATIONNAME = Alex;
				TargetAttributes = {
					945D968F1D92FB3500769B33 = {
						CreatedOnToolsVersion = 7.3.1;
						DevelopmentTeam = TTT5AMJSE2;
						LastSwiftMigration = 0800;
					};
					945D96A31D92FB3500769B33 = {
						CreatedOnToolsVersion = 7.3.1;
						DevelopmentTeam = TTT5AMJSE2;
						LastSwiftMigration = 0800;
						TestTargetID = 945D968F1D92FB3500769B33;
					};
					945D96AE1D92FB3500769B33 = {
						CreatedOnToolsVersion = 7.3.1;
						DevelopmentTeam = TTT5AMJSE2;
						LastSwiftMigration = 0800;
						TestTargetID = 945D968F1D92FB3500769B33;
					};
				};
			};
			buildConfigurationList = 945D968B1D92FB3500769B33 /* Build configuration list for PBXProject "travel" */;
			compatibilityVersion = "Xcode 3.2";
			developmentRegion = English;
			hasScannedForEncodings = 0;
			knownRegions = (
				en,
				Base,
			);
			mainGroup = 945D96871D92FB3500769B33;
			productRefGroup = 945D96911D92FB3500769B33 /* Products */;
			projectDirPath = "";
			projectRoot = "";
			targets = (
				945D968F1D92FB3500769B33 /* travel */,
				945D96A31D92FB3500769B33 /* travelTests */,
				945D96AE1D92FB3500769B33 /* travelUITests */,
			);
		};
/* End PBXProject section */

/* Begin PBXResourcesBuildPhase section */
		945D968E1D92FB3500769B33 /* Resources */ = {
			isa = PBXResourcesBuildPhase;
			buildActionMask = 2147483647;
			files = (
				945D969E1D92FB3500769B33 /* LaunchScreen.storyboard in Resources */,
				945D969B1D92FB3500769B33 /* Assets.xcassets in Resources */,
				945D96991D92FB3500769B33 /* Main.storyboard in Resources */,
			);
			runOnlyForDeploymentPostprocessing = 0;
		};
		945D96A21D92FB3500769B33 /* Resources */ = {
			isa = PBXResourcesBuildPhase;
			buildActionMask = 2147483647;
			files = (
			);
			runOnlyForDeploymentPostprocessing = 0;
		};
		945D96AD1D92FB3500769B33 /* Resources */ = {
			isa = PBXResourcesBuildPhase;
			buildActionMask = 2147483647;
			files = (
			);
			runOnlyForDeploymentPostprocessing = 0;
		};
/* End PBXResourcesBuildPhase section */

/* Begin PBXSourcesBuildPhase section */
		945D968C1D92FB3500769B33 /* Sources */ = {
			isa = PBXSourcesBuildPhase;
			buildActionMask = 2147483647;
			files = (
				945D96961D92FB3500769B33 /* ViewController.swift in Sources */,
				945D96941D92FB3500769B33 /* AppDelegate.swift in Sources */,
			);
			runOnlyForDeploymentPostprocessing = 0;
		};
		945D96A01D92FB3500769B33 /* Sources */ = {
			isa = PBXSourcesBuildPhase;
			buildActionMask = 2147483647;
			files = (
				945D96A91D92FB3500769B33 /* travelTests.swift in Sources */,
			);
			runOnlyForDeploymentPostprocessing = 0;
		};
		945D96AB1D92FB3500769B33 /* Sources */ = {
			isa = PBXSourcesBuildPhase;
			buildActionMask = 2147483647;
			files = (
				945D96B41D92FB3500769B33 /* travelUITests.swift in Sources */,
			);
			runOnlyForDeploymentPostprocessing = 0;
		};
/* End PBXSourcesBuildPhase section */

/* Begin PBXTargetDependency section */
		945D96A61D92FB3500769B33 /* PBXTargetDependency */ = {
			isa = PBXTargetDependency;
			target = 945D968F1D92FB3500769B33 /* travel */;
			targetProxy = 945D96A51D92FB3500769B33 /* PBXContainerItemProxy */;
		};
		945D96B11D92FB3500769B33 /* PBXTargetDependency */ = {
			isa = PBXTargetDependency;
			target = 945D968F1D92FB3500769B33 /* travel */;
			targetProxy = 945D96B01D92FB3500769B33 /* PBXContainerItemProxy */;
		};
/* End PBXTargetDependency section */

/* Begin PBXVariantGroup section */
		945D96971D92FB3500769B33 /* Main.storyboard */ = {
			isa = PBXVariantGroup;
			children = (
				945D96981D92FB3500769B33 /* Base */,
			);
			name = Main.storyboard;
			sourceTree = "<group>";
		};
		945D969C1D92FB3500769B33 /* LaunchScreen.storyboard */ = {
			isa = PBXVariantGroup;
			children = (
				945D969D1D92FB3500769B33 /* Base */,
			);
			name = LaunchScreen.storyboard;
			sourceTree = "<group>";
		};
/* End PBXVariantGroup section */

/* Begin XCBuildConfiguration section */
		945D96B61D92FB3500769B33 /* Debug */ = {
			isa = XCBuildConfiguration;
			buildSettings = {
				ALWAYS_SEARCH_USER_PATHS = NO;
				CLANG_ANALYZER_NONNULL = YES;
				CLANG_CXX_LANGUAGE_STANDARD = "gnu++0x";
				CLANG_CXX_LIBRARY = "libc++";
				CLANG_ENABLE_MODULES = YES;
				CLANG_ENABLE_OBJC_ARC = YES;
				CLANG_WARN_BOOL_CONVERSION = YES;
				CLANG_WARN_CONSTANT_CONVERSION = YES;
				CLANG_WARN_DIRECT_OBJC_ISA_USAGE = YES_ERROR;
				CLANG_WARN_EMPTY_BODY = YES;
				CLANG_WARN_ENUM_CONVERSION = YES;
				CLANG_WARN_INT_CONVERSION = YES;
				CLANG_WARN_OBJC_ROOT_CLASS = YES_ERROR;
				CLANG_WARN_UNREACHABLE_CODE = YES;
				CLANG_WARN__DUPLICATE_METHOD_MATCH = YES;
				"CODE_SIGN_IDENTITY[sdk=iphoneos*]" = "iPhone Developer";
				COPY_PHASE_STRIP = NO;
				DEBUG_INFORMATION_FORMAT = dwarf;
				ENABLE_STRICT_OBJC_MSGSEND = YES;
				ENABLE_TESTABILITY = YES;
				GCC_C_LANGUAGE_STANDARD = gnu99;
				GCC_DYNAMIC_NO_PIC = NO;
				GCC_NO_COMMON_BLOCKS = YES;
				GCC_OPTIMIZATION_LEVEL = 0;
				GCC_PREPROCESSOR_DEFINITIONS = (
					"DEBUG=1",
					"$(inherited)",
				);
				GCC_WARN_64_TO_32_BIT_CONVERSION = YES;
				GCC_WARN_ABOUT_RETURN_TYPE = YES_ERROR;
				GCC_WARN_UNDECLARED_SELECTOR = YES;
				GCC_WARN_UNINITIALIZED_AUTOS = YES_AGGRESSIVE;
				GCC_WARN_UNUSED_FUNCTION = YES;
				GCC_WARN_UNUSED_VARIABLE = YES;
				IPHONEOS_DEPLOYMENT_TARGET = 9.3;
				MTL_ENABLE_DEBUG_INFO = YES;
				ONLY_ACTIVE_ARCH = YES;
				SDKROOT = iphoneos;
				SWIFT_OPTIMIZATION_LEVEL = "-Onone";
				TARGETED_DEVICE_FAMILY = "1,2";
			};
			name = Debug;
		};
		945D96B71D92FB3500769B33 /* Release */ = {
			isa = XCBuildConfiguration;
			buildSettings = {
				ALWAYS_SEARCH_USER_PATHS = NO;
				CLANG_ANALYZER_NONNULL = YES;
				CLANG_CXX_LANGUAGE_STANDARD = "gnu++0x";
				CLANG_CXX_LIBRARY = "libc++";
				CLANG_ENABLE_MODULES = YES;
				CLANG_ENABLE_OBJC_ARC = YES;
				CLANG_WARN_BOOL_CONVERSION = YES;
				CLANG_WARN_CONSTANT_CONVERSION = YES;
				CLANG_WARN_DIRECT_OBJC_ISA_USAGE = YES_ERROR;
				CLANG_WARN_EMPTY_BODY = YES;
				CLANG_WARN_ENUM_CONVERSION = YES;
				CLANG_WARN_INT_CONVERSION = YES;
				CLANG_WARN_OBJC_ROOT_CLASS = YES_ERROR;
				CLANG_WARN_UNREACHABLE_CODE = YES;
				CLANG_WARN__DUPLICATE_METHOD_MATCH = YES;
				"CODE_SIGN_IDENTITY[sdk=iphoneos*]" = "iPhone Developer";
				COPY_PHASE_STRIP = NO;
				DEBUG_INFORMATION_FORMAT = "dwarf-with-dsym";
				ENABLE_NS_ASSERTIONS = NO;
				ENABLE_STRICT_OBJC_MSGSEND = YES;
				GCC_C_LANGUAGE_STANDARD = gnu99;
				GCC_NO_COMMON_BLOCKS = YES;
				GCC_WARN_64_TO_32_BIT_CONVERSION = YES;
				GCC_WARN_ABOUT_RETURN_TYPE = YES_ERROR;
				GCC_WARN_UNDECLARED_SELECTOR = YES;
				GCC_WARN_UNINITIALIZED_AUTOS = YES_AGGRESSIVE;
				GCC_WARN_UNUSED_FUNCTION = YES;
				GCC_WARN_UNUSED_VARIABLE = YES;
				IPHONEOS_DEPLOYMENT_TARGET = 9.3;
				MTL_ENABLE_DEBUG_INFO = NO;
				SDKROOT = iphoneos;
				TARGETED_DEVICE_FAMILY = "1,2";
				VALIDATE_PRODUCT = YES;
			};
			name = Release;
		};
		945D96B91D92FB3500769B33 /* Debug */ = {
			isa = XCBuildConfiguration;
			buildSettings = {
				ASSETCATALOG_COMPILER_APPICON_NAME = AppIcon;
				CODE_SIGN_IDENTITY = "iPhone Developer";
				"CODE_SIGN_IDENTITY[sdk=iphoneos*]" = "iPhone Developer";
				GCC_NO_COMMON_BLOCKS = NO;
				INFOPLIST_FILE = travel/Info.plist;
				LD_RUNPATH_SEARCH_PATHS = "$(inherited) @executable_path/Frameworks";
				PRODUCT_BUNDLE_IDENTIFIER = Alex.travel;
				PRODUCT_NAME = "$(TARGET_NAME)";
				PROVISIONING_PROFILE = "";
				SWIFT_VERSION = 3.0;
			};
			name = Debug;
		};
		945D96BA1D92FB3500769B33 /* Release */ = {
			isa = XCBuildConfiguration;
			buildSettings = {
				ASSETCATALOG_COMPILER_APPICON_NAME = AppIcon;
				CODE_SIGN_IDENTITY = "iPhone Developer";
				"CODE_SIGN_IDENTITY[sdk=iphoneos*]" = "iPhone Developer";
				GCC_NO_COMMON_BLOCKS = NO;
				INFOPLIST_FILE = travel/Info.plist;
				LD_RUNPATH_SEARCH_PATHS = "$(inherited) @executable_path/Frameworks";
				PRODUCT_BUNDLE_IDENTIFIER = Alex.travel;
				PRODUCT_NAME = "$(TARGET_NAME)";
				PROVISIONING_PROFILE = "";
				SWIFT_VERSION = 3.0;
			};
			name = Release;
		};
		945D96BC1D92FB3500769B33 /* Debug */ = {
			isa = XCBuildConfiguration;
			buildSettings = {
				BUNDLE_LOADER = "$(TEST_HOST)";
				INFOPLIST_FILE = travelTests/Info.plist;
				LD_RUNPATH_SEARCH_PATHS = "$(inherited) @executable_path/Frameworks @loader_path/Frameworks";
				PRODUCT_BUNDLE_IDENTIFIER = Alex.travelTests;
				PRODUCT_NAME = "$(TARGET_NAME)";
				SWIFT_VERSION = 3.0;
				TEST_HOST = "$(BUILT_PRODUCTS_DIR)/travel.app/travel";
			};
			name = Debug;
		};
		945D96BD1D92FB3500769B33 /* Release */ = {
			isa = XCBuildConfiguration;
			buildSettings = {
				BUNDLE_LOADER = "$(TEST_HOST)";
				INFOPLIST_FILE = travelTests/Info.plist;
				LD_RUNPATH_SEARCH_PATHS = "$(inherited) @executable_path/Frameworks @loader_path/Frameworks";
				PRODUCT_BUNDLE_IDENTIFIER = Alex.travelTests;
				PRODUCT_NAME = "$(TARGET_NAME)";
				SWIFT_VERSION = 3.0;
				TEST_HOST = "$(BUILT_PRODUCTS_DIR)/travel.app/travel";
			};
			name = Release;
		};
		945D96BF1D92FB3500769B33 /* Debug */ = {
			isa = XCBuildConfiguration;
			buildSettings = {
				INFOPLIST_FILE = travelUITests/Info.plist;
				LD_RUNPATH_SEARCH_PATHS = "$(inherited) @executable_path/Frameworks @loader_path/Frameworks";
				PRODUCT_BUNDLE_IDENTIFIER = Alex.travelUITests;
				PRODUCT_NAME = "$(TARGET_NAME)";
				SWIFT_VERSION = 3.0;
				TEST_TARGET_NAME = travel;
			};
			name = Debug;
		};
		945D96C01D92FB3500769B33 /* Release */ = {
			isa = XCBuildConfiguration;
			buildSettings = {
				INFOPLIST_FILE = travelUITests/Info.plist;
				LD_RUNPATH_SEARCH_PATHS = "$(inherited) @executable_path/Frameworks @loader_path/Frameworks";
				PRODUCT_BUNDLE_IDENTIFIER = Alex.travelUITests;
				PRODUCT_NAME = "$(TARGET_NAME)";
				SWIFT_VERSION = 3.0;
				TEST_TARGET_NAME = travel;
			};
			name = Release;
		};
/* End XCBuildConfiguration section */

/* Begin XCConfigurationList section */
		945D968B1D92FB3500769B33 /* Build configuration list for PBXProject "travel" */ = {
			isa = XCConfigurationList;
			buildConfigurations = (
				945D96B61D92FB3500769B33 /* Debug */,
				945D96B71D92FB3500769B33 /* Release */,
			);
			defaultConfigurationIsVisible = 0;
			defaultConfigurationName = Release;
		};
		945D96B81D92FB3500769B33 /* Build configuration list for PBXNativeTarget "travel" */ = {
			isa = XCConfigurationList;
			buildConfigurations = (
				945D96B91D92FB3500769B33 /* Debug */,
				945D96BA1D92FB3500769B33 /* Release */,
			);
			defaultConfigurationIsVisible = 0;
			defaultConfigurationName = Release;
		};
		945D96BB1D92FB3500769B33 /* Build configuration list for PBXNativeTarget "travelTests" */ = {
			isa = XCConfigurationList;
			buildConfigurations = (
				945D96BC1D92FB3500769B33 /* Debug */,
				945D96BD1D92FB3500769B33 /* Release */,
			);
			defaultConfigurationIsVisible = 0;
			defaultConfigurationName = Release;
		};
		945D96BE1D92FB3500769B33 /* Build configuration list for PBXNativeTarget "travelUITests" */ = {
			isa = XCConfigurationList;
			buildConfigurations = (
				945D96BF1D92FB3500769B33 /* Debug */,
				945D96C01D92FB3500769B33 /* Release */,
			);
			defaultConfigurationIsVisible = 0;
			defaultConfigurationName = Release;
		};
/* End XCConfigurationList section */
	};
	rootObject = 945D96881D92FB3500769B33 /* Project object */;
}
