// !$*UTF8*$!
{
	archiveVersion = 1;
	classes = {
	};
	objectVersion = 46;
	objects = {

/* Begin PBXBuildFile section */
		94488AA21D9C5EB200346BB2 /* AppDelegate.swift in Sources */ = {isa = PBXBuildFile; fileRef = 94488AA11D9C5EB200346BB2 /* AppDelegate.swift */; };
		94488AA41D9C5EB200346BB2 /* ViewController.swift in Sources */ = {isa = PBXBuildFile; fileRef = 94488AA31D9C5EB200346BB2 /* ViewController.swift */; };
		94488AA71D9C5EB200346BB2 /* Main.storyboard in Resources */ = {isa = PBXBuildFile; fileRef = 94488AA51D9C5EB200346BB2 /* Main.storyboard */; };
		94488AAA1D9C5EB200346BB2 /* wedidit.xcdatamodeld in Sources */ = {isa = PBXBuildFile; fileRef = 94488AA81D9C5EB200346BB2 /* wedidit.xcdatamodeld */; };
		94488AAC1D9C5EB200346BB2 /* Assets.xcassets in Resources */ = {isa = PBXBuildFile; fileRef = 94488AAB1D9C5EB200346BB2 /* Assets.xcassets */; };
		94488AAF1D9C5EB200346BB2 /* LaunchScreen.storyboard in Resources */ = {isa = PBXBuildFile; fileRef = 94488AAD1D9C5EB200346BB2 /* LaunchScreen.storyboard */; };
		94488ABA1D9C5EB200346BB2 /* wediditTests.swift in Sources */ = {isa = PBXBuildFile; fileRef = 94488AB91D9C5EB200346BB2 /* wediditTests.swift */; };
		94488AC51D9C5EB200346BB2 /* wediditUITests.swift in Sources */ = {isa = PBXBuildFile; fileRef = 94488AC41D9C5EB200346BB2 /* wediditUITests.swift */; };
/* End PBXBuildFile section */

/* Begin PBXContainerItemProxy section */
		94488AB61D9C5EB200346BB2 /* PBXContainerItemProxy */ = {
			isa = PBXContainerItemProxy;
			containerPortal = 94488A961D9C5EB100346BB2 /* Project object */;
			proxyType = 1;
			remoteGlobalIDString = 94488A9D1D9C5EB100346BB2;
			remoteInfo = wedidit;
		};
		94488AC11D9C5EB200346BB2 /* PBXContainerItemProxy */ = {
			isa = PBXContainerItemProxy;
			containerPortal = 94488A961D9C5EB100346BB2 /* Project object */;
			proxyType = 1;
			remoteGlobalIDString = 94488A9D1D9C5EB100346BB2;
			remoteInfo = wedidit;
		};
/* End PBXContainerItemProxy section */

/* Begin PBXFileReference section */
		94488A9E1D9C5EB200346BB2 /* wedidit.app */ = {isa = PBXFileReference; explicitFileType = wrapper.application; includeInIndex = 0; path = wedidit.app; sourceTree = BUILT_PRODUCTS_DIR; };
		94488AA11D9C5EB200346BB2 /* AppDelegate.swift */ = {isa = PBXFileReference; lastKnownFileType = sourcecode.swift; path = AppDelegate.swift; sourceTree = "<group>"; };
		94488AA31D9C5EB200346BB2 /* ViewController.swift */ = {isa = PBXFileReference; lastKnownFileType = sourcecode.swift; path = ViewController.swift; sourceTree = "<group>"; };
		94488AA61D9C5EB200346BB2 /* Base */ = {isa = PBXFileReference; lastKnownFileType = file.storyboard; name = Base; path = Base.lproj/Main.storyboard; sourceTree = "<group>"; };
		94488AA91D9C5EB200346BB2 /* wedidit.xcdatamodel */ = {isa = PBXFileReference; lastKnownFileType = wrapper.xcdatamodel; path = wedidit.xcdatamodel; sourceTree = "<group>"; };
		94488AAB1D9C5EB200346BB2 /* Assets.xcassets */ = {isa = PBXFileReference; lastKnownFileType = folder.assetcatalog; path = Assets.xcassets; sourceTree = "<group>"; };
		94488AAE1D9C5EB200346BB2 /* Base */ = {isa = PBXFileReference; lastKnownFileType = file.storyboard; name = Base; path = Base.lproj/LaunchScreen.storyboard; sourceTree = "<group>"; };
		94488AB01D9C5EB200346BB2 /* Info.plist */ = {isa = PBXFileReference; lastKnownFileType = text.plist.xml; path = Info.plist; sourceTree = "<group>"; };
		94488AB51D9C5EB200346BB2 /* wediditTests.xctest */ = {isa = PBXFileReference; explicitFileType = wrapper.cfbundle; includeInIndex = 0; path = wediditTests.xctest; sourceTree = BUILT_PRODUCTS_DIR; };
		94488AB91D9C5EB200346BB2 /* wediditTests.swift */ = {isa = PBXFileReference; lastKnownFileType = sourcecode.swift; path = wediditTests.swift; sourceTree = "<group>"; };
		94488ABB1D9C5EB200346BB2 /* Info.plist */ = {isa = PBXFileReference; lastKnownFileType = text.plist.xml; path = Info.plist; sourceTree = "<group>"; };
		94488AC01D9C5EB200346BB2 /* wediditUITests.xctest */ = {isa = PBXFileReference; explicitFileType = wrapper.cfbundle; includeInIndex = 0; path = wediditUITests.xctest; sourceTree = BUILT_PRODUCTS_DIR; };
		94488AC41D9C5EB200346BB2 /* wediditUITests.swift */ = {isa = PBXFileReference; lastKnownFileType = sourcecode.swift; path = wediditUITests.swift; sourceTree = "<group>"; };
		94488AC61D9C5EB200346BB2 /* Info.plist */ = {isa = PBXFileReference; lastKnownFileType = text.plist.xml; path = Info.plist; sourceTree = "<group>"; };
/* End PBXFileReference section */

/* Begin PBXFrameworksBuildPhase section */
		94488A9B1D9C5EB100346BB2 /* Frameworks */ = {
			isa = PBXFrameworksBuildPhase;
			buildActionMask = 2147483647;
			files = (
			);
			runOnlyForDeploymentPostprocessing = 0;
		};
		94488AB21D9C5EB200346BB2 /* Frameworks */ = {
			isa = PBXFrameworksBuildPhase;
			buildActionMask = 2147483647;
			files = (
			);
			runOnlyForDeploymentPostprocessing = 0;
		};
		94488ABD1D9C5EB200346BB2 /* Frameworks */ = {
			isa = PBXFrameworksBuildPhase;
			buildActionMask = 2147483647;
			files = (
			);
			runOnlyForDeploymentPostprocessing = 0;
		};
/* End PBXFrameworksBuildPhase section */

/* Begin PBXGroup section */
		94488A951D9C5EB100346BB2 = {
			isa = PBXGroup;
			children = (
				94488AA01D9C5EB200346BB2 /* wedidit */,
				94488AB81D9C5EB200346BB2 /* wediditTests */,
				94488AC31D9C5EB200346BB2 /* wediditUITests */,
				94488A9F1D9C5EB200346BB2 /* Products */,
			);
			sourceTree = "<group>";
		};
		94488A9F1D9C5EB200346BB2 /* Products */ = {
			isa = PBXGroup;
			children = (
				94488A9E1D9C5EB200346BB2 /* wedidit.app */,
				94488AB51D9C5EB200346BB2 /* wediditTests.xctest */,
				94488AC01D9C5EB200346BB2 /* wediditUITests.xctest */,
			);
			name = Products;
			sourceTree = "<group>";
		};
		94488AA01D9C5EB200346BB2 /* wedidit */ = {
			isa = PBXGroup;
			children = (
				94488AA11D9C5EB200346BB2 /* AppDelegate.swift */,
				94488AA31D9C5EB200346BB2 /* ViewController.swift */,
				94488AA51D9C5EB200346BB2 /* Main.storyboard */,
				94488AAB1D9C5EB200346BB2 /* Assets.xcassets */,
				94488AAD1D9C5EB200346BB2 /* LaunchScreen.storyboard */,
				94488AB01D9C5EB200346BB2 /* Info.plist */,
				94488AA81D9C5EB200346BB2 /* wedidit.xcdatamodeld */,
			);
			path = wedidit;
			sourceTree = "<group>";
		};
		94488AB81D9C5EB200346BB2 /* wediditTests */ = {
			isa = PBXGroup;
			children = (
				94488AB91D9C5EB200346BB2 /* wediditTests.swift */,
				94488ABB1D9C5EB200346BB2 /* Info.plist */,
			);
			path = wediditTests;
			sourceTree = "<group>";
		};
		94488AC31D9C5EB200346BB2 /* wediditUITests */ = {
			isa = PBXGroup;
			children = (
				94488AC41D9C5EB200346BB2 /* wediditUITests.swift */,
				94488AC61D9C5EB200346BB2 /* Info.plist */,
			);
			path = wediditUITests;
			sourceTree = "<group>";
		};
/* End PBXGroup section */

/* Begin PBXNativeTarget section */
		94488A9D1D9C5EB100346BB2 /* wedidit */ = {
			isa = PBXNativeTarget;
			buildConfigurationList = 94488AC91D9C5EB200346BB2 /* Build configuration list for PBXNativeTarget "wedidit" */;
			buildPhases = (
				94488A9A1D9C5EB100346BB2 /* Sources */,
				94488A9B1D9C5EB100346BB2 /* Frameworks */,
				94488A9C1D9C5EB100346BB2 /* Resources */,
			);
			buildRules = (
			);
			dependencies = (
			);
			name = wedidit;
			productName = wedidit;
			productReference = 94488A9E1D9C5EB200346BB2 /* wedidit.app */;
			productType = "com.apple.product-type.application";
		};
		94488AB41D9C5EB200346BB2 /* wediditTests */ = {
			isa = PBXNativeTarget;
			buildConfigurationList = 94488ACC1D9C5EB200346BB2 /* Build configuration list for PBXNativeTarget "wediditTests" */;
			buildPhases = (
				94488AB11D9C5EB200346BB2 /* Sources */,
				94488AB21D9C5EB200346BB2 /* Frameworks */,
				94488AB31D9C5EB200346BB2 /* Resources */,
			);
			buildRules = (
			);
			dependencies = (
				94488AB71D9C5EB200346BB2 /* PBXTargetDependency */,
			);
			name = wediditTests;
			productName = wediditTests;
			productReference = 94488AB51D9C5EB200346BB2 /* wediditTests.xctest */;
			productType = "com.apple.product-type.bundle.unit-test";
		};
		94488ABF1D9C5EB200346BB2 /* wediditUITests */ = {
			isa = PBXNativeTarget;
			buildConfigurationList = 94488ACF1D9C5EB200346BB2 /* Build configuration list for PBXNativeTarget "wediditUITests" */;
			buildPhases = (
				94488ABC1D9C5EB200346BB2 /* Sources */,
				94488ABD1D9C5EB200346BB2 /* Frameworks */,
				94488ABE1D9C5EB200346BB2 /* Resources */,
			);
			buildRules = (
			);
			dependencies = (
				94488AC21D9C5EB200346BB2 /* PBXTargetDependency */,
			);
			name = wediditUITests;
			productName = wediditUITests;
			productReference = 94488AC01D9C5EB200346BB2 /* wediditUITests.xctest */;
			productType = "com.apple.product-type.bundle.ui-testing";
		};
/* End PBXNativeTarget section */

/* Begin PBXProject section */
		94488A961D9C5EB100346BB2 /* Project object */ = {
			isa = PBXProject;
			attributes = {
				LastSwiftUpdateCheck = 0730;
				LastUpgradeCheck = 0730;
				ORGANIZATIONNAME = Alex;
				TargetAttributes = {
					94488A9D1D9C5EB100346BB2 = {
						CreatedOnToolsVersion = 7.3.1;
						DevelopmentTeam = X3W4N77G35;
					};
					94488AB41D9C5EB200346BB2 = {
						CreatedOnToolsVersion = 7.3.1;
						DevelopmentTeam = TTT5AMJSE2;
						TestTargetID = 94488A9D1D9C5EB100346BB2;
					};
					94488ABF1D9C5EB200346BB2 = {
						CreatedOnToolsVersion = 7.3.1;
						DevelopmentTeam = TTT5AMJSE2;
						TestTargetID = 94488A9D1D9C5EB100346BB2;
					};
				};
			};
			buildConfigurationList = 94488A991D9C5EB100346BB2 /* Build configuration list for PBXProject "wedidit" */;
			compatibilityVersion = "Xcode 3.2";
			developmentRegion = English;
			hasScannedForEncodings = 0;
			knownRegions = (
				en,
				Base,
			);
			mainGroup = 94488A951D9C5EB100346BB2;
			productRefGroup = 94488A9F1D9C5EB200346BB2 /* Products */;
			projectDirPath = "";
			projectRoot = "";
			targets = (
				94488A9D1D9C5EB100346BB2 /* wedidit */,
				94488AB41D9C5EB200346BB2 /* wediditTests */,
				94488ABF1D9C5EB200346BB2 /* wediditUITests */,
			);
		};
/* End PBXProject section */

/* Begin PBXResourcesBuildPhase section */
		94488A9C1D9C5EB100346BB2 /* Resources */ = {
			isa = PBXResourcesBuildPhase;
			buildActionMask = 2147483647;
			files = (
				94488AAF1D9C5EB200346BB2 /* LaunchScreen.storyboard in Resources */,
				94488AAC1D9C5EB200346BB2 /* Assets.xcassets in Resources */,
				94488AA71D9C5EB200346BB2 /* Main.storyboard in Resources */,
			);
			runOnlyForDeploymentPostprocessing = 0;
		};
		94488AB31D9C5EB200346BB2 /* Resources */ = {
			isa = PBXResourcesBuildPhase;
			buildActionMask = 2147483647;
			files = (
			);
			runOnlyForDeploymentPostprocessing = 0;
		};
		94488ABE1D9C5EB200346BB2 /* Resources */ = {
			isa = PBXResourcesBuildPhase;
			buildActionMask = 2147483647;
			files = (
			);
			runOnlyForDeploymentPostprocessing = 0;
		};
/* End PBXResourcesBuildPhase section */

/* Begin PBXSourcesBuildPhase section */
		94488A9A1D9C5EB100346BB2 /* Sources */ = {
			isa = PBXSourcesBuildPhase;
			buildActionMask = 2147483647;
			files = (
				94488AA41D9C5EB200346BB2 /* ViewController.swift in Sources */,
				94488AAA1D9C5EB200346BB2 /* wedidit.xcdatamodeld in Sources */,
				94488AA21D9C5EB200346BB2 /* AppDelegate.swift in Sources */,
			);
			runOnlyForDeploymentPostprocessing = 0;
		};
		94488AB11D9C5EB200346BB2 /* Sources */ = {
			isa = PBXSourcesBuildPhase;
			buildActionMask = 2147483647;
			files = (
				94488ABA1D9C5EB200346BB2 /* wediditTests.swift in Sources */,
			);
			runOnlyForDeploymentPostprocessing = 0;
		};
		94488ABC1D9C5EB200346BB2 /* Sources */ = {
			isa = PBXSourcesBuildPhase;
			buildActionMask = 2147483647;
			files = (
				94488AC51D9C5EB200346BB2 /* wediditUITests.swift in Sources */,
			);
			runOnlyForDeploymentPostprocessing = 0;
		};
/* End PBXSourcesBuildPhase section */

/* Begin PBXTargetDependency section */
		94488AB71D9C5EB200346BB2 /* PBXTargetDependency */ = {
			isa = PBXTargetDependency;
			target = 94488A9D1D9C5EB100346BB2 /* wedidit */;
			targetProxy = 94488AB61D9C5EB200346BB2 /* PBXContainerItemProxy */;
		};
		94488AC21D9C5EB200346BB2 /* PBXTargetDependency */ = {
			isa = PBXTargetDependency;
			target = 94488A9D1D9C5EB100346BB2 /* wedidit */;
			targetProxy = 94488AC11D9C5EB200346BB2 /* PBXContainerItemProxy */;
		};
/* End PBXTargetDependency section */

/* Begin PBXVariantGroup section */
		94488AA51D9C5EB200346BB2 /* Main.storyboard */ = {
			isa = PBXVariantGroup;
			children = (
				94488AA61D9C5EB200346BB2 /* Base */,
			);
			name = Main.storyboard;
			sourceTree = "<group>";
		};
		94488AAD1D9C5EB200346BB2 /* LaunchScreen.storyboard */ = {
			isa = PBXVariantGroup;
			children = (
				94488AAE1D9C5EB200346BB2 /* Base */,
			);
			name = LaunchScreen.storyboard;
			sourceTree = "<group>";
		};
/* End PBXVariantGroup section */

/* Begin XCBuildConfiguration section */
		94488AC71D9C5EB200346BB2 /* Debug */ = {
			isa = XCBuildConfiguration;
			buildSettings = {
				ALWAYS_SEARCH_USER_PATHS = NO;
				CLANG_ANALYZER_NONNULL = YES;
				CLANG_CXX_LANGUAGE_STANDARD = "gnu++0x";
				CLANG_CXX_LIBRARY = "libc++";
				CLANG_ENABLE_MODULES = YES;
				CLANG_ENABLE_OBJC_ARC = YES;
				CLANG_WARN_BOOL_CONVERSION = YES;
				CLANG_WARN_CONSTANT_CONVERSION = YES;
				CLANG_WARN_DIRECT_OBJC_ISA_USAGE = YES_ERROR;
				CLANG_WARN_EMPTY_BODY = YES;
				CLANG_WARN_ENUM_CONVERSION = YES;
				CLANG_WARN_INT_CONVERSION = YES;
				CLANG_WARN_OBJC_ROOT_CLASS = YES_ERROR;
				CLANG_WARN_UNREACHABLE_CODE = YES;
				CLANG_WARN__DUPLICATE_METHOD_MATCH = YES;
				"CODE_SIGN_IDENTITY[sdk=iphoneos*]" = "iPhone Developer";
				COPY_PHASE_STRIP = NO;
				DEBUG_INFORMATION_FORMAT = dwarf;
				ENABLE_STRICT_OBJC_MSGSEND = YES;
				ENABLE_TESTABILITY = YES;
				GCC_C_LANGUAGE_STANDARD = gnu99;
				GCC_DYNAMIC_NO_PIC = NO;
				GCC_NO_COMMON_BLOCKS = YES;
				GCC_OPTIMIZATION_LEVEL = 0;
				GCC_PREPROCESSOR_DEFINITIONS = (
					"DEBUG=1",
					"$(inherited)",
				);
				GCC_WARN_64_TO_32_BIT_CONVERSION = YES;
				GCC_WARN_ABOUT_RETURN_TYPE = YES_ERROR;
				GCC_WARN_UNDECLARED_SELECTOR = YES;
				GCC_WARN_UNINITIALIZED_AUTOS = YES_AGGRESSIVE;
				GCC_WARN_UNUSED_FUNCTION = YES;
				GCC_WARN_UNUSED_VARIABLE = YES;
				IPHONEOS_DEPLOYMENT_TARGET = 9.3;
				MTL_ENABLE_DEBUG_INFO = YES;
				ONLY_ACTIVE_ARCH = YES;
				SDKROOT = iphoneos;
				SWIFT_OPTIMIZATION_LEVEL = "-Onone";
				TARGETED_DEVICE_FAMILY = "1,2";
			};
			name = Debug;
		};
		94488AC81D9C5EB200346BB2 /* Release */ = {
			isa = XCBuildConfiguration;
			buildSettings = {
				ALWAYS_SEARCH_USER_PATHS = NO;
				CLANG_ANALYZER_NONNULL = YES;
				CLANG_CXX_LANGUAGE_STANDARD = "gnu++0x";
				CLANG_CXX_LIBRARY = "libc++";
				CLANG_ENABLE_MODULES = YES;
				CLANG_ENABLE_OBJC_ARC = YES;
				CLANG_WARN_BOOL_CONVERSION = YES;
				CLANG_WARN_CONSTANT_CONVERSION = YES;
				CLANG_WARN_DIRECT_OBJC_ISA_USAGE = YES_ERROR;
				CLANG_WARN_EMPTY_BODY = YES;
				CLANG_WARN_ENUM_CONVERSION = YES;
				CLANG_WARN_INT_CONVERSION = YES;
				CLANG_WARN_OBJC_ROOT_CLASS = YES_ERROR;
				CLANG_WARN_UNREACHABLE_CODE = YES;
				CLANG_WARN__DUPLICATE_METHOD_MATCH = YES;
				"CODE_SIGN_IDENTITY[sdk=iphoneos*]" = "iPhone Developer";
				COPY_PHASE_STRIP = NO;
				DEBUG_INFORMATION_FORMAT = "dwarf-with-dsym";
				ENABLE_NS_ASSERTIONS = NO;
				ENABLE_STRICT_OBJC_MSGSEND = YES;
				GCC_C_LANGUAGE_STANDARD = gnu99;
				GCC_NO_COMMON_BLOCKS = YES;
				GCC_WARN_64_TO_32_BIT_CONVERSION = YES;
				GCC_WARN_ABOUT_RETURN_TYPE = YES_ERROR;
				GCC_WARN_UNDECLARED_SELECTOR = YES;
				GCC_WARN_UNINITIALIZED_AUTOS = YES_AGGRESSIVE;
				GCC_WARN_UNUSED_FUNCTION = YES;
				GCC_WARN_UNUSED_VARIABLE = YES;
				IPHONEOS_DEPLOYMENT_TARGET = 9.3;
				MTL_ENABLE_DEBUG_INFO = NO;
				SDKROOT = iphoneos;
				TARGETED_DEVICE_FAMILY = "1,2";
				VALIDATE_PRODUCT = YES;
			};
			name = Release;
		};
		94488ACA1D9C5EB200346BB2 /* Debug */ = {
			isa = XCBuildConfiguration;
			buildSettings = {
				ASSETCATALOG_COMPILER_APPICON_NAME = AppIcon;
				CODE_SIGN_IDENTITY = "iPhone Developer";
				"CODE_SIGN_IDENTITY[sdk=iphoneos*]" = "iPhone Developer";
				INFOPLIST_FILE = wedidit/Info.plist;
				LD_RUNPATH_SEARCH_PATHS = "$(inherited) @executable_path/Frameworks";
				PRODUCT_BUNDLE_IDENTIFIER = AlexAlexAlex.AlexAlex;
				PRODUCT_NAME = "$(TARGET_NAME)";
				PROVISIONING_PROFILE = "";
			};
			name = Debug;
		};
		94488ACB1D9C5EB200346BB2 /* Release */ = {
			isa = XCBuildConfiguration;
			buildSettings = {
				ASSETCATALOG_COMPILER_APPICON_NAME = AppIcon;
				CODE_SIGN_IDENTITY = "iPhone Developer";
				"CODE_SIGN_IDENTITY[sdk=iphoneos*]" = "iPhone Developer";
				INFOPLIST_FILE = wedidit/Info.plist;
				LD_RUNPATH_SEARCH_PATHS = "$(inherited) @executable_path/Frameworks";
				PRODUCT_BUNDLE_IDENTIFIER = AlexAlexAlex.AlexAlex;
				PRODUCT_NAME = "$(TARGET_NAME)";
				PROVISIONING_PROFILE = "";
			};
			name = Release;
		};
		94488ACD1D9C5EB200346BB2 /* Debug */ = {
			isa = XCBuildConfiguration;
			buildSettings = {
				BUNDLE_LOADER = "$(TEST_HOST)";
				INFOPLIST_FILE = wediditTests/Info.plist;
				LD_RUNPATH_SEARCH_PATHS = "$(inherited) @executable_path/Frameworks @loader_path/Frameworks";
				PRODUCT_BUNDLE_IDENTIFIER = Alex.wediditTests;
				PRODUCT_NAME = "$(TARGET_NAME)";
				TEST_HOST = "$(BUILT_PRODUCTS_DIR)/wedidit.app/wedidit";
			};
			name = Debug;
		};
		94488ACE1D9C5EB200346BB2 /* Release */ = {
			isa = XCBuildConfiguration;
			buildSettings = {
				BUNDLE_LOADER = "$(TEST_HOST)";
				INFOPLIST_FILE = wediditTests/Info.plist;
				LD_RUNPATH_SEARCH_PATHS = "$(inherited) @executable_path/Frameworks @loader_path/Frameworks";
				PRODUCT_BUNDLE_IDENTIFIER = Alex.wediditTests;
				PRODUCT_NAME = "$(TARGET_NAME)";
				TEST_HOST = "$(BUILT_PRODUCTS_DIR)/wedidit.app/wedidit";
			};
			name = Release;
		};
		94488AD01D9C5EB200346BB2 /* Debug */ = {
			isa = XCBuildConfiguration;
			buildSettings = {
				INFOPLIST_FILE = wediditUITests/Info.plist;
				LD_RUNPATH_SEARCH_PATHS = "$(inherited) @executable_path/Frameworks @loader_path/Frameworks";
				PRODUCT_BUNDLE_IDENTIFIER = Alex.wediditUITests;
				PRODUCT_NAME = "$(TARGET_NAME)";
				TEST_TARGET_NAME = wedidit;
			};
			name = Debug;
		};
		94488AD11D9C5EB200346BB2 /* Release */ = {
			isa = XCBuildConfiguration;
			buildSettings = {
				INFOPLIST_FILE = wediditUITests/Info.plist;
				LD_RUNPATH_SEARCH_PATHS = "$(inherited) @executable_path/Frameworks @loader_path/Frameworks";
				PRODUCT_BUNDLE_IDENTIFIER = Alex.wediditUITests;
				PRODUCT_NAME = "$(TARGET_NAME)";
				TEST_TARGET_NAME = wedidit;
			};
			name = Release;
		};
/* End XCBuildConfiguration section */

/* Begin XCConfigurationList section */
		94488A991D9C5EB100346BB2 /* Build configuration list for PBXProject "wedidit" */ = {
			isa = XCConfigurationList;
			buildConfigurations = (
				94488AC71D9C5EB200346BB2 /* Debug */,
				94488AC81D9C5EB200346BB2 /* Release */,
			);
			defaultConfigurationIsVisible = 0;
			defaultConfigurationName = Release;
		};
		94488AC91D9C5EB200346BB2 /* Build configuration list for PBXNativeTarget "wedidit" */ = {
			isa = XCConfigurationList;
			buildConfigurations = (
				94488ACA1D9C5EB200346BB2 /* Debug */,
				94488ACB1D9C5EB200346BB2 /* Release */,
			);
			defaultConfigurationIsVisible = 0;
		};
		94488ACC1D9C5EB200346BB2 /* Build configuration list for PBXNativeTarget "wediditTests" */ = {
			isa = XCConfigurationList;
			buildConfigurations = (
				94488ACD1D9C5EB200346BB2 /* Debug */,
				94488ACE1D9C5EB200346BB2 /* Release */,
			);
			defaultConfigurationIsVisible = 0;
		};
		94488ACF1D9C5EB200346BB2 /* Build configuration list for PBXNativeTarget "wediditUITests" */ = {
			isa = XCConfigurationList;
			buildConfigurations = (
				94488AD01D9C5EB200346BB2 /* Debug */,
				94488AD11D9C5EB200346BB2 /* Release */,
			);
			defaultConfigurationIsVisible = 0;
		};
/* End XCConfigurationList section */

/* Begin XCVersionGroup section */
		94488AA81D9C5EB200346BB2 /* wedidit.xcdatamodeld */ = {
			isa = XCVersionGroup;
			children = (
				94488AA91D9C5EB200346BB2 /* wedidit.xcdatamodel */,
			);
			currentVersion = 94488AA91D9C5EB200346BB2 /* wedidit.xcdatamodel */;
			path = wedidit.xcdatamodeld;
			sourceTree = "<group>";
			versionGroupType = wrapper.xcdatamodel;
		};
/* End XCVersionGroup section */
	};
	rootObject = 94488A961D9C5EB100346BB2 /* Project object */;
}
